// !$*UTF8*$!
{
	archiveVersion = 1;
	classes = {
	};
	objectVersion = 56;
	objects = {

/* Begin PBXBuildFile section */
		F0409C852BD0EA03007FDC4B /* StorageStudents.xcdatamodeld in Sources */ = {isa = PBXBuildFile; fileRef = F0409C832BD0EA03007FDC4B /* StorageStudents.xcdatamodeld */; };
		F0409CFE2BD15F02007FDC4B /* ContentViewModel.swift in Sources */ = {isa = PBXBuildFile; fileRef = F0409CFD2BD15F02007FDC4B /* ContentViewModel.swift */; };
		F0D2B5A52BD0786A00BDD55F /* SubDeVinci_CoreDataApp.swift in Sources */ = {isa = PBXBuildFile; fileRef = F0D2B5A42BD0786A00BDD55F /* SubDeVinci_CoreDataApp.swift */; };
		F0D2B5A72BD0786A00BDD55F /* ContentView.swift in Sources */ = {isa = PBXBuildFile; fileRef = F0D2B5A62BD0786A00BDD55F /* ContentView.swift */; };
		F0D2B5A92BD0786C00BDD55F /* Assets.xcassets in Resources */ = {isa = PBXBuildFile; fileRef = F0D2B5A82BD0786C00BDD55F /* Assets.xcassets */; };
		F0D2B5AC2BD0786C00BDD55F /* Preview Assets.xcassets in Resources */ = {isa = PBXBuildFile; fileRef = F0D2B5AB2BD0786C00BDD55F /* Preview Assets.xcassets */; };
		F0D2B5B82BD0797500BDD55F /* DataController.swift in Sources */ = {isa = PBXBuildFile; fileRef = F0D2B5B72BD0797500BDD55F /* DataController.swift */; };
/* End PBXBuildFile section */

/* Begin PBXFileReference section */
		F0409C842BD0EA03007FDC4B /* StorageStudents.xcdatamodel */ = {isa = PBXFileReference; lastKnownFileType = wrapper.xcdatamodel; path = StorageStudents.xcdatamodel; sourceTree = "<group>"; };
		F0409CFD2BD15F02007FDC4B /* ContentViewModel.swift */ = {isa = PBXFileReference; lastKnownFileType = sourcecode.swift; path = ContentViewModel.swift; sourceTree = "<group>"; };
		F0D2B5A12BD0786A00BDD55F /* SubDeVinci-CoreData.app */ = {isa = PBXFileReference; explicitFileType = wrapper.application; includeInIndex = 0; path = "SubDeVinci-CoreData.app"; sourceTree = BUILT_PRODUCTS_DIR; };
		F0D2B5A42BD0786A00BDD55F /* SubDeVinci_CoreDataApp.swift */ = {isa = PBXFileReference; lastKnownFileType = sourcecode.swift; path = SubDeVinci_CoreDataApp.swift; sourceTree = "<group>"; };
		F0D2B5A62BD0786A00BDD55F /* ContentView.swift */ = {isa = PBXFileReference; lastKnownFileType = sourcecode.swift; path = ContentView.swift; sourceTree = "<group>"; };
		F0D2B5A82BD0786C00BDD55F /* Assets.xcassets */ = {isa = PBXFileReference; lastKnownFileType = folder.assetcatalog; path = Assets.xcassets; sourceTree = "<group>"; };
		F0D2B5AB2BD0786C00BDD55F /* Preview Assets.xcassets */ = {isa = PBXFileReference; lastKnownFileType = folder.assetcatalog; path = "Preview Assets.xcassets"; sourceTree = "<group>"; };
		F0D2B5B72BD0797500BDD55F /* DataController.swift */ = {isa = PBXFileReference; lastKnownFileType = sourcecode.swift; path = DataController.swift; sourceTree = "<group>"; };
/* End PBXFileReference section */

/* Begin PBXFrameworksBuildPhase section */
		F0D2B59E2BD0786A00BDD55F /* Frameworks */ = {
			isa = PBXFrameworksBuildPhase;
			buildActionMask = 2147483647;
			files = (
			);
			runOnlyForDeploymentPostprocessing = 0;
		};
/* End PBXFrameworksBuildPhase section */

/* Begin PBXGroup section */
		F0D2B5982BD0786A00BDD55F = {
			isa = PBXGroup;
			children = (
				F0D2B5A32BD0786A00BDD55F /* SubDeVinci-CoreData */,
				F0D2B5A22BD0786A00BDD55F /* Products */,
			);
			sourceTree = "<group>";
		};
		F0D2B5A22BD0786A00BDD55F /* Products */ = {
			isa = PBXGroup;
			children = (
				F0D2B5A12BD0786A00BDD55F /* SubDeVinci-CoreData.app */,
			);
			name = Products;
			sourceTree = "<group>";
		};
		F0D2B5A32BD0786A00BDD55F /* SubDeVinci-CoreData */ = {
			isa = PBXGroup;
			children = (
				F0D2B5A42BD0786A00BDD55F /* SubDeVinci_CoreDataApp.swift */,
				F0D2B5A62BD0786A00BDD55F /* ContentView.swift */,
				F0409CFD2BD15F02007FDC4B /* ContentViewModel.swift */,
				F0D2B5B72BD0797500BDD55F /* DataController.swift */,
				F0409C832BD0EA03007FDC4B /* StorageStudents.xcdatamodeld */,
				F0D2B5A82BD0786C00BDD55F /* Assets.xcassets */,
				F0D2B5AA2BD0786C00BDD55F /* Preview Content */,
			);
			path = "SubDeVinci-CoreData";
			sourceTree = "<group>";
		};
		F0D2B5AA2BD0786C00BDD55F /* Preview Content */ = {
			isa = PBXGroup;
			children = (
				F0D2B5AB2BD0786C00BDD55F /* Preview Assets.xcassets */,
			);
			path = "Preview Content";
			sourceTree = "<group>";
		};
/* End PBXGroup section */

/* Begin PBXNativeTarget section */
		F0D2B5A02BD0786A00BDD55F /* SubDeVinci-CoreData */ = {
			isa = PBXNativeTarget;
			buildConfigurationList = F0D2B5AF2BD0786C00BDD55F /* Build configuration list for PBXNativeTarget "SubDeVinci-CoreData" */;
			buildPhases = (
				F0D2B59D2BD0786A00BDD55F /* Sources */,
				F0D2B59E2BD0786A00BDD55F /* Frameworks */,
				F0D2B59F2BD0786A00BDD55F /* Resources */,
			);
			buildRules = (
			);
			dependencies = (
			);
			name = "SubDeVinci-CoreData";
			productName = "SubDeVinci-CoreData";
			productReference = F0D2B5A12BD0786A00BDD55F /* SubDeVinci-CoreData.app */;
			productType = "com.apple.product-type.application";
		};
/* End PBXNativeTarget section */

/* Begin PBXProject section */
		F0D2B5992BD0786A00BDD55F /* Project object */ = {
			isa = PBXProject;
			attributes = {
				BuildIndependentTargetsInParallel = 1;
				LastSwiftUpdateCheck = 1530;
				LastUpgradeCheck = 1530;
				TargetAttributes = {
					F0D2B5A02BD0786A00BDD55F = {
						CreatedOnToolsVersion = 15.3;
					};
				};
			};
			buildConfigurationList = F0D2B59C2BD0786A00BDD55F /* Build configuration list for PBXProject "SubDeVinci-CoreData" */;
			compatibilityVersion = "Xcode 14.0";
			developmentRegion = en;
			hasScannedForEncodings = 0;
			knownRegions = (
				en,
				Base,
			);
			mainGroup = F0D2B5982BD0786A00BDD55F;
			productRefGroup = F0D2B5A22BD0786A00BDD55F /* Products */;
			projectDirPath = "";
			projectRoot = "";
			targets = (
				F0D2B5A02BD0786A00BDD55F /* SubDeVinci-CoreData */,
			);
		};
/* End PBXProject section */

/* Begin PBXResourcesBuildPhase section */
		F0D2B59F2BD0786A00BDD55F /* Resources */ = {
			isa = PBXResourcesBuildPhase;
			buildActionMask = 2147483647;
			files = (
				F0D2B5AC2BD0786C00BDD55F /* Preview Assets.xcassets in Resources */,
				F0D2B5A92BD0786C00BDD55F /* Assets.xcassets in Resources */,
			);
			runOnlyForDeploymentPostprocessing = 0;
		};
/* End PBXResourcesBuildPhase section */

/* Begin PBXSourcesBuildPhase section */
		F0D2B59D2BD0786A00BDD55F /* Sources */ = {
			isa = PBXSourcesBuildPhase;
			buildActionMask = 2147483647;
			files = (
				F0D2B5A72BD0786A00BDD55F /* ContentView.swift in Sources */,
				F0D2B5B82BD0797500BDD55F /* DataController.swift in Sources */,
				F0D2B5A52BD0786A00BDD55F /* SubDeVinci_CoreDataApp.swift in Sources */,
				F0409C852BD0EA03007FDC4B /* StorageStudents.xcdatamodeld in Sources */,
				F0409CFE2BD15F02007FDC4B /* ContentViewModel.swift in Sources */,
			);
			runOnlyForDeploymentPostprocessing = 0;
		};
/* End PBXSourcesBuildPhase section */

/* Begin XCBuildConfiguration section */
		F0D2B5AD2BD0786C00BDD55F /* Debug */ = {
			isa = XCBuildConfiguration;
			buildSettings = {
				ALWAYS_SEARCH_USER_PATHS = NO;
				ASSETCATALOG_COMPILER_GENERATE_SWIFT_ASSET_SYMBOL_EXTENSIONS = YES;
				CLANG_ANALYZER_NONNULL = YES;
				CLANG_ANALYZER_NUMBER_OBJECT_CONVERSION = YES_AGGRESSIVE;
				CLANG_CXX_LANGUAGE_STANDARD = "gnu++20";
				CLANG_ENABLE_MODULES = YES;
				CLANG_ENABLE_OBJC_ARC = YES;
				CLANG_ENABLE_OBJC_WEAK = YES;
				CLANG_WARN_BLOCK_CAPTURE_AUTORELEASING = YES;
				CLANG_WARN_BOOL_CONVERSION = YES;
				CLANG_WARN_COMMA = YES;
				CLANG_WARN_CONSTANT_CONVERSION = YES;
				CLANG_WARN_DEPRECATED_OBJC_IMPLEMENTATIONS = YES;
				CLANG_WARN_DIRECT_OBJC_ISA_USAGE = YES_ERROR;
				CLANG_WARN_DOCUMENTATION_COMMENTS = YES;
				CLANG_WARN_EMPTY_BODY = YES;
				CLANG_WARN_ENUM_CONVERSION = YES;
				CLANG_WARN_INFINITE_RECURSION = YES;
				CLANG_WARN_INT_CONVERSION = YES;
				CLANG_WARN_NON_LITERAL_NULL_CONVERSION = YES;
				CLANG_WARN_OBJC_IMPLICIT_RETAIN_SELF = YES;
				CLANG_WARN_OBJC_LITERAL_CONVERSION = YES;
				CLANG_WARN_OBJC_ROOT_CLASS = YES_ERROR;
				CLANG_WARN_QUOTED_INCLUDE_IN_FRAMEWORK_HEADER = YES;
				CLANG_WARN_RANGE_LOOP_ANALYSIS = YES;
				CLANG_WARN_STRICT_PROTOTYPES = YES;
				CLANG_WARN_SUSPICIOUS_MOVE = YES;
				CLANG_WARN_UNGUARDED_AVAILABILITY = YES_AGGRESSIVE;
				CLANG_WARN_UNREACHABLE_CODE = YES;
				CLANG_WARN__DUPLICATE_METHOD_MATCH = YES;
				COPY_PHASE_STRIP = NO;
				DEBUG_INFORMATION_FORMAT = dwarf;
				ENABLE_STRICT_OBJC_MSGSEND = YES;
				ENABLE_TESTABILITY = YES;
				ENABLE_USER_SCRIPT_SANDBOXING = YES;
				GCC_C_LANGUAGE_STANDARD = gnu17;
				GCC_DYNAMIC_NO_PIC = NO;
				GCC_NO_COMMON_BLOCKS = YES;
				GCC_OPTIMIZATION_LEVEL = 0;
				GCC_PREPROCESSOR_DEFINITIONS = (
					"DEBUG=1",
					"$(inherited)",
				);
				GCC_WARN_64_TO_32_BIT_CONVERSION = YES;
				GCC_WARN_ABOUT_RETURN_TYPE = YES_ERROR;
				GCC_WARN_UNDECLARED_SELECTOR = YES;
				GCC_WARN_UNINITIALIZED_AUTOS = YES_AGGRESSIVE;
				GCC_WARN_UNUSED_FUNCTION = YES;
				GCC_WARN_UNUSED_VARIABLE = YES;
				IPHONEOS_DEPLOYMENT_TARGET = 17.4;
				LOCALIZATION_PREFERS_STRING_CATALOGS = YES;
				MTL_ENABLE_DEBUG_INFO = INCLUDE_SOURCE;
				MTL_FAST_MATH = YES;
				ONLY_ACTIVE_ARCH = YES;
				SDKROOT = iphoneos;
				SWIFT_ACTIVE_COMPILATION_CONDITIONS = "DEBUG $(inherited)";
				SWIFT_OPTIMIZATION_LEVEL = "-Onone";
			};
			name = Debug;
		};
		F0D2B5AE2BD0786C00BDD55F /* Release */ = {
			isa = XCBuildConfiguration;
			buildSettings = {
				ALWAYS_SEARCH_USER_PATHS = NO;
				ASSETCATALOG_COMPILER_GENERATE_SWIFT_ASSET_SYMBOL_EXTENSIONS = YES;
				CLANG_ANALYZER_NONNULL = YES;
				CLANG_ANALYZER_NUMBER_OBJECT_CONVERSION = YES_AGGRESSIVE;
				CLANG_CXX_LANGUAGE_STANDARD = "gnu++20";
				CLANG_ENABLE_MODULES = YES;
				CLANG_ENABLE_OBJC_ARC = YES;
				CLANG_ENABLE_OBJC_WEAK = YES;
				CLANG_WARN_BLOCK_CAPTURE_AUTORELEASING = YES;
				CLANG_WARN_BOOL_CONVERSION = YES;
				CLANG_WARN_COMMA = YES;
				CLANG_WARN_CONSTANT_CONVERSION = YES;
				CLANG_WARN_DEPRECATED_OBJC_IMPLEMENTATIONS = YES;
				CLANG_WARN_DIRECT_OBJC_ISA_USAGE = YES_ERROR;
				CLANG_WARN_DOCUMENTATION_COMMENTS = YES;
				CLANG_WARN_EMPTY_BODY = YES;
				CLANG_WARN_ENUM_CONVERSION = YES;
				CLANG_WARN_INFINITE_RECURSION = YES;
				CLANG_WARN_INT_CONVERSION = YES;
				CLANG_WARN_NON_LITERAL_NULL_CONVERSION = YES;
				CLANG_WARN_OBJC_IMPLICIT_RETAIN_SELF = YES;
				CLANG_WARN_OBJC_LITERAL_CONVERSION = YES;
				CLANG_WARN_OBJC_ROOT_CLASS = YES_ERROR;
				CLANG_WARN_QUOTED_INCLUDE_IN_FRAMEWORK_HEADER = YES;
				CLANG_WARN_RANGE_LOOP_ANALYSIS = YES;
				CLANG_WARN_STRICT_PROTOTYPES = YES;
				CLANG_WARN_SUSPICIOUS_MOVE = YES;
				CLANG_WARN_UNGUARDED_AVAILABILITY = YES_AGGRESSIVE;
				CLANG_WARN_UNREACHABLE_CODE = YES;
				CLANG_WARN__DUPLICATE_METHOD_MATCH = YES;
				COPY_PHASE_STRIP = NO;
				DEBUG_INFORMATION_FORMAT = "dwarf-with-dsym";
				ENABLE_NS_ASSERTIONS = NO;
				ENABLE_STRICT_OBJC_MSGSEND = YES;
				ENABLE_USER_SCRIPT_SANDBOXING = YES;
				GCC_C_LANGUAGE_STANDARD = gnu17;
				GCC_NO_COMMON_BLOCKS = YES;
				GCC_WARN_64_TO_32_BIT_CONVERSION = YES;
				GCC_WARN_ABOUT_RETURN_TYPE = YES_ERROR;
				GCC_WARN_UNDECLARED_SELECTOR = YES;
				GCC_WARN_UNINITIALIZED_AUTOS = YES_AGGRESSIVE;
				GCC_WARN_UNUSED_FUNCTION = YES;
				GCC_WARN_UNUSED_VARIABLE = YES;
				IPHONEOS_DEPLOYMENT_TARGET = 17.4;
				LOCALIZATION_PREFERS_STRING_CATALOGS = YES;
				MTL_ENABLE_DEBUG_INFO = NO;
				MTL_FAST_MATH = YES;
				SDKROOT = iphoneos;
				SWIFT_COMPILATION_MODE = wholemodule;
				VALIDATE_PRODUCT = YES;
			};
			name = Release;
		};
		F0D2B5B02BD0786C00BDD55F /* Debug */ = {
			isa = XCBuildConfiguration;
			buildSettings = {
				ASSETCATALOG_COMPILER_APPICON_NAME = AppIcon;
				ASSETCATALOG_COMPILER_GLOBAL_ACCENT_COLOR_NAME = AccentColor;
				CODE_SIGN_STYLE = Automatic;
				CURRENT_PROJECT_VERSION = 1;
				DEVELOPMENT_ASSET_PATHS = "\"SubDeVinci-CoreData/Preview Content\"";
				DEVELOPMENT_TEAM = S47Y9QMPN2;
				ENABLE_PREVIEWS = YES;
				GENERATE_INFOPLIST_FILE = YES;
				INFOPLIST_KEY_UIApplicationSceneManifest_Generation = YES;
				INFOPLIST_KEY_UIApplicationSupportsIndirectInputEvents = YES;
				INFOPLIST_KEY_UILaunchScreen_Generation = YES;
				INFOPLIST_KEY_UISupportedInterfaceOrientations_iPad = "UIInterfaceOrientationPortrait UIInterfaceOrientationPortraitUpsideDown UIInterfaceOrientationLandscapeLeft UIInterfaceOrientationLandscapeRight";
				INFOPLIST_KEY_UISupportedInterfaceOrientations_iPhone = "UIInterfaceOrientationPortrait UIInterfaceOrientationLandscapeLeft UIInterfaceOrientationLandscapeRight";
				LD_RUNPATH_SEARCH_PATHS = (
					"$(inherited)",
					"@executable_path/Frameworks",
				);
				MARKETING_VERSION = 1.0;
				PRODUCT_BUNDLE_IDENTIFIER = "fr.gdtr.SubDeVinci-CoreData";
				PRODUCT_NAME = "$(TARGET_NAME)";
				SWIFT_EMIT_LOC_STRINGS = YES;
				SWIFT_VERSION = 5.0;
				TARGETED_DEVICE_FAMILY = "1,2";
			};
			name = Debug;
		};
		F0D2B5B12BD0786C00BDD55F /* Release */ = {
			isa = XCBuildConfiguration;
			buildSettings = {
				ASSETCATALOG_COMPILER_APPICON_NAME = AppIcon;
				ASSETCATALOG_COMPILER_GLOBAL_ACCENT_COLOR_NAME = AccentColor;
				CODE_SIGN_STYLE = Automatic;
				CURRENT_PROJECT_VERSION = 1;
				DEVELOPMENT_ASSET_PATHS = "\"SubDeVinci-CoreData/Preview Content\"";
				DEVELOPMENT_TEAM = S47Y9QMPN2;
				ENABLE_PREVIEWS = YES;
				GENERATE_INFOPLIST_FILE = YES;
				INFOPLIST_KEY_UIApplicationSceneManifest_Generation = YES;
				INFOPLIST_KEY_UIApplicationSupportsIndirectInputEvents = YES;
				INFOPLIST_KEY_UILaunchScreen_Generation = YES;
				INFOPLIST_KEY_UISupportedInterfaceOrientations_iPad = "UIInterfaceOrientationPortrait UIInterfaceOrientationPortraitUpsideDown UIInterfaceOrientationLandscapeLeft UIInterfaceOrientationLandscapeRight";
				INFOPLIST_KEY_UISupportedInterfaceOrientations_iPhone = "UIInterfaceOrientationPortrait UIInterfaceOrientationLandscapeLeft UIInterfaceOrientationLandscapeRight";
				LD_RUNPATH_SEARCH_PATHS = (
					"$(inherited)",
					"@executable_path/Frameworks",
				);
				MARKETING_VERSION = 1.0;
				PRODUCT_BUNDLE_IDENTIFIER = "fr.gdtr.SubDeVinci-CoreData";
				PRODUCT_NAME = "$(TARGET_NAME)";
				SWIFT_EMIT_LOC_STRINGS = YES;
				SWIFT_VERSION = 5.0;
				TARGETED_DEVICE_FAMILY = "1,2";
			};
			name = Release;
		};
/* End XCBuildConfiguration section */

/* Begin XCConfigurationList section */
		F0D2B59C2BD0786A00BDD55F /* Build configuration list for PBXProject "SubDeVinci-CoreData" */ = {
			isa = XCConfigurationList;
			buildConfigurations = (
				F0D2B5AD2BD0786C00BDD55F /* Debug */,
				F0D2B5AE2BD0786C00BDD55F /* Release */,
			);
			defaultConfigurationIsVisible = 0;
			defaultConfigurationName = Release;
		};
		F0D2B5AF2BD0786C00BDD55F /* Build configuration list for PBXNativeTarget "SubDeVinci-CoreData" */ = {
			isa = XCConfigurationList;
			buildConfigurations = (
				F0D2B5B02BD0786C00BDD55F /* Debug */,
				F0D2B5B12BD0786C00BDD55F /* Release */,
			);
			defaultConfigurationIsVisible = 0;
			defaultConfigurationName = Release;
		};
/* End XCConfigurationList section */

/* Begin XCVersionGroup section */
		F0409C832BD0EA03007FDC4B /* StorageStudents.xcdatamodeld */ = {
			isa = XCVersionGroup;
			children = (
				F0409C842BD0EA03007FDC4B /* StorageStudents.xcdatamodel */,
			);
			currentVersion = F0409C842BD0EA03007FDC4B /* StorageStudents.xcdatamodel */;
			name = StorageStudents.xcdatamodeld;
			path = "/Users/guillaume/Developer/SupDeVinciB3/SubDeVinci-CoreData/SubDeVinci-CoreData/StorageStudents.xcdatamodeld";
			sourceTree = "<group>";
			versionGroupType = wrapper.xcdatamodel;
		};
/* End XCVersionGroup section */
	};
	rootObject = F0D2B5992BD0786A00BDD55F /* Project object */;
}
